
Microsoft Visual Studio Solution File, Format Version 12.00
# Visual Studio 15
VisualStudioVersion = 15.0.28307.271
MinimumVisualStudioVersion = 10.0.40219.1
Project("{FAE04EC0-301F-11D3-BF4B-00C04F79EFBC}") = "Thread", "tHREAD\Thread.csproj", "{FA7C662D-3593-473B-944F-D92F21F2E8D4}"
EndProject
Global
	GlobalSection(SolutionConfigurationPlatforms) = preSolution
		Debug|Any CPU = Debug|Any CPU
		Release|Any CPU = Release|Any CPU
	EndGlobalSection
	GlobalSection(ProjectConfigurationPlatforms) = postSolution
		{FA7C662D-3593-473B-944F-D92F21F2E8D4}.Debug|Any CPU.ActiveCfg = Debug|Any CPU
		{FA7C662D-3593-473B-944F-D92F21F2E8D4}.Debug|Any CPU.Build.0 = Debug|Any CPU
		{FA7C662D-3593-473B-944F-D92F21F2E8D4}.Release|Any CPU.ActiveCfg = Release|Any CPU
		{FA7C662D-3593-473B-944F-D92F21F2E8D4}.Release|Any CPU.Build.0 = Release|Any CPU
	EndGlobalSection
	GlobalSection(SolutionProperties) = preSolution
		HideSolutionNode = FALSE
	EndGlobalSection
	GlobalSection(ExtensibilityGlobals) = postSolution
		SolutionGuid = {2E4E012B-3A24-4041-A2BD-9C9BF4196310}
	EndGlobalSection
EndGlobal
