
Microsoft Visual Studio Solution File, Format Version 12.00
# Visual Studio 15
VisualStudioVersion = 15.0.28307.421
MinimumVisualStudioVersion = 10.0.40219.1
Project("{FAE04EC0-301F-11D3-BF4B-00C04F79EFBC}") = "BoomerangCore", "..\BoomerangCore\BoomerangCore.csproj", "{AD98D9AA-D40B-4396-AAB1-6C24EDE613FB}"
EndProject
Project("{2150E333-8FDC-42A3-9474-1A3956D46DE8}") = "BAL", "BAL", "{32C900F3-7C49-4654-9CE9-107406C4DF3E}"
EndProject
Project("{FAE04EC0-301F-11D3-BF4B-00C04F79EFBC}") = "BoomerangNet", "BoomerangNet\BoomerangNet.csproj", "{FAD47260-B546-4883-9AEA-A0529E86EC6E}"
EndProject
Project("{2150E333-8FDC-42A3-9474-1A3956D46DE8}") = "DAL", "DAL", "{65A67AB7-C54F-45BC-8A4A-4B1DC9FB6505}"
EndProject
Project("{FAE04EC0-301F-11D3-BF4B-00C04F79EFBC}") = "MongoDb", "MongoDb\MongoDb.csproj", "{26BA598E-6F5D-44DD-BF92-DE8C38316748}"
EndProject
Project("{FAE04EC0-301F-11D3-BF4B-00C04F79EFBC}") = "SQLDb", "SQLDb\SQLDb.csproj", "{8FABC420-9BFD-4E55-9429-F99EE2CFEDA2}"
EndProject
Global
	GlobalSection(SolutionConfigurationPlatforms) = preSolution
		Debug|Any CPU = Debug|Any CPU
		Release|Any CPU = Release|Any CPU
	EndGlobalSection
	GlobalSection(ProjectConfigurationPlatforms) = postSolution
		{AD98D9AA-D40B-4396-AAB1-6C24EDE613FB}.Debug|Any CPU.ActiveCfg = Debug|Any CPU
		{AD98D9AA-D40B-4396-AAB1-6C24EDE613FB}.Debug|Any CPU.Build.0 = Debug|Any CPU
		{AD98D9AA-D40B-4396-AAB1-6C24EDE613FB}.Release|Any CPU.ActiveCfg = Release|Any CPU
		{AD98D9AA-D40B-4396-AAB1-6C24EDE613FB}.Release|Any CPU.Build.0 = Release|Any CPU
		{FAD47260-B546-4883-9AEA-A0529E86EC6E}.Debug|Any CPU.ActiveCfg = Debug|Any CPU
		{FAD47260-B546-4883-9AEA-A0529E86EC6E}.Debug|Any CPU.Build.0 = Debug|Any CPU
		{FAD47260-B546-4883-9AEA-A0529E86EC6E}.Release|Any CPU.ActiveCfg = Release|Any CPU
		{FAD47260-B546-4883-9AEA-A0529E86EC6E}.Release|Any CPU.Build.0 = Release|Any CPU
		{26BA598E-6F5D-44DD-BF92-DE8C38316748}.Debug|Any CPU.ActiveCfg = Debug|Any CPU
		{26BA598E-6F5D-44DD-BF92-DE8C38316748}.Debug|Any CPU.Build.0 = Debug|Any CPU
		{26BA598E-6F5D-44DD-BF92-DE8C38316748}.Release|Any CPU.ActiveCfg = Release|Any CPU
		{26BA598E-6F5D-44DD-BF92-DE8C38316748}.Release|Any CPU.Build.0 = Release|Any CPU
		{8FABC420-9BFD-4E55-9429-F99EE2CFEDA2}.Debug|Any CPU.ActiveCfg = Debug|Any CPU
		{8FABC420-9BFD-4E55-9429-F99EE2CFEDA2}.Debug|Any CPU.Build.0 = Debug|Any CPU
		{8FABC420-9BFD-4E55-9429-F99EE2CFEDA2}.Release|Any CPU.ActiveCfg = Release|Any CPU
		{8FABC420-9BFD-4E55-9429-F99EE2CFEDA2}.Release|Any CPU.Build.0 = Release|Any CPU
	EndGlobalSection
	GlobalSection(SolutionProperties) = preSolution
		HideSolutionNode = FALSE
	EndGlobalSection
	GlobalSection(NestedProjects) = preSolution
		{AD98D9AA-D40B-4396-AAB1-6C24EDE613FB} = {32C900F3-7C49-4654-9CE9-107406C4DF3E}
		{FAD47260-B546-4883-9AEA-A0529E86EC6E} = {32C900F3-7C49-4654-9CE9-107406C4DF3E}
		{26BA598E-6F5D-44DD-BF92-DE8C38316748} = {65A67AB7-C54F-45BC-8A4A-4B1DC9FB6505}
		{8FABC420-9BFD-4E55-9429-F99EE2CFEDA2} = {65A67AB7-C54F-45BC-8A4A-4B1DC9FB6505}
	EndGlobalSection
	GlobalSection(ExtensibilityGlobals) = postSolution
		SolutionGuid = {259BBFA4-A2D9-437B-882C-6285AE442AA4}
	EndGlobalSection
EndGlobal
