
Microsoft Visual Studio Solution File, Format Version 12.00
# Visual Studio 15
VisualStudioVersion = 15.0.28307.421
MinimumVisualStudioVersion = 10.0.40219.1
Project("{FAE04EC0-301F-11D3-BF4B-00C04F79EFBC}") = "PatientsService", "PatientsService\PatientsService.csproj", "{F97B038B-8BE8-4EC0-9733-EA71B6D7114C}"
EndProject
Project("{FAE04EC0-301F-11D3-BF4B-00C04F79EFBC}") = "PatientsService.Tests", "PatientsService.Tests\PatientsService.Tests.csproj", "{6B53403B-27C6-4AB3-AC71-D62190F6F11B}"
EndProject
Project("{FAE04EC0-301F-11D3-BF4B-00C04F79EFBC}") = "Gateway", "..\Gateway\Gateway.csproj", "{54D58B1A-6BB7-4278-AE64-3041C40C212B}"
EndProject
Project("{FAE04EC0-301F-11D3-BF4B-00C04F79EFBC}") = "ServiceLocator", "ServiceLocator\ServiceLocator.csproj", "{66BA917D-7759-44A7-9F11-D16559BE2C9D}"
EndProject
Global
	GlobalSection(SolutionConfigurationPlatforms) = preSolution
		Debug|Any CPU = Debug|Any CPU
		Release|Any CPU = Release|Any CPU
	EndGlobalSection
	GlobalSection(ProjectConfigurationPlatforms) = postSolution
		{F97B038B-8BE8-4EC0-9733-EA71B6D7114C}.Debug|Any CPU.ActiveCfg = Debug|Any CPU
		{F97B038B-8BE8-4EC0-9733-EA71B6D7114C}.Debug|Any CPU.Build.0 = Debug|Any CPU
		{F97B038B-8BE8-4EC0-9733-EA71B6D7114C}.Release|Any CPU.ActiveCfg = Release|Any CPU
		{F97B038B-8BE8-4EC0-9733-EA71B6D7114C}.Release|Any CPU.Build.0 = Release|Any CPU
		{6B53403B-27C6-4AB3-AC71-D62190F6F11B}.Debug|Any CPU.ActiveCfg = Debug|Any CPU
		{6B53403B-27C6-4AB3-AC71-D62190F6F11B}.Debug|Any CPU.Build.0 = Debug|Any CPU
		{6B53403B-27C6-4AB3-AC71-D62190F6F11B}.Release|Any CPU.ActiveCfg = Release|Any CPU
		{6B53403B-27C6-4AB3-AC71-D62190F6F11B}.Release|Any CPU.Build.0 = Release|Any CPU
		{54D58B1A-6BB7-4278-AE64-3041C40C212B}.Debug|Any CPU.ActiveCfg = Debug|Any CPU
		{54D58B1A-6BB7-4278-AE64-3041C40C212B}.Debug|Any CPU.Build.0 = Debug|Any CPU
		{54D58B1A-6BB7-4278-AE64-3041C40C212B}.Release|Any CPU.ActiveCfg = Release|Any CPU
		{54D58B1A-6BB7-4278-AE64-3041C40C212B}.Release|Any CPU.Build.0 = Release|Any CPU
		{66BA917D-7759-44A7-9F11-D16559BE2C9D}.Debug|Any CPU.ActiveCfg = Debug|Any CPU
		{66BA917D-7759-44A7-9F11-D16559BE2C9D}.Debug|Any CPU.Build.0 = Debug|Any CPU
		{66BA917D-7759-44A7-9F11-D16559BE2C9D}.Release|Any CPU.ActiveCfg = Release|Any CPU
		{66BA917D-7759-44A7-9F11-D16559BE2C9D}.Release|Any CPU.Build.0 = Release|Any CPU
	EndGlobalSection
	GlobalSection(SolutionProperties) = preSolution
		HideSolutionNode = FALSE
	EndGlobalSection
	GlobalSection(ExtensibilityGlobals) = postSolution
		SolutionGuid = {5777186A-9DD2-4C08-A84D-9CEBE0EEA233}
	EndGlobalSection
EndGlobal
